
Microsoft Visual Studio Solution File, Format Version 12.00
# Visual Studio Version 17
VisualStudioVersion = 17.9.34607.119
MinimumVisualStudioVersion = 10.0.40219.1
Project("{9A19103F-16F7-4668-BE54-9A1E7A4F7556}") = "CoreWCFService", "CoreWCFService\CoreWCFService.csproj", "{6F0F2C2A-6A91-4415-B717-03AFEA89FC96}"
EndProject
Project("{9A19103F-16F7-4668-BE54-9A1E7A4F7556}") = "CoreWCFServiceNetFramework", "CoreWCFServiceNetFramework\CoreWCFServiceNetFramework.csproj", "{B7E9106B-E564-47E3-A667-4E12A6882F9B}"
EndProject
Global
	GlobalSection(SolutionConfigurationPlatforms) = preSolution
		Debug|Any CPU = Debug|Any CPU
		Release|Any CPU = Release|Any CPU
	EndGlobalSection
	GlobalSection(ProjectConfigurationPlatforms) = postSolution
		{6F0F2C2A-6A91-4415-B717-03AFEA89FC96}.Debug|Any CPU.ActiveCfg = Debug|Any CPU
		{6F0F2C2A-6A91-4415-B717-03AFEA89FC96}.Debug|Any CPU.Build.0 = Debug|Any CPU
		{6F0F2C2A-6A91-4415-B717-03AFEA89FC96}.Release|Any CPU.ActiveCfg = Release|Any CPU
		{6F0F2C2A-6A91-4415-B717-03AFEA89FC96}.Release|Any CPU.Build.0 = Release|Any CPU
		{B7E9106B-E564-47E3-A667-4E12A6882F9B}.Debug|Any CPU.ActiveCfg = Debug|Any CPU
		{B7E9106B-E564-47E3-A667-4E12A6882F9B}.Debug|Any CPU.Build.0 = Debug|Any CPU
		{B7E9106B-E564-47E3-A667-4E12A6882F9B}.Release|Any CPU.ActiveCfg = Release|Any CPU
		{B7E9106B-E564-47E3-A667-4E12A6882F9B}.Release|Any CPU.Build.0 = Release|Any CPU
	EndGlobalSection
	GlobalSection(SolutionProperties) = preSolution
		HideSolutionNode = FALSE
	EndGlobalSection
	GlobalSection(ExtensibilityGlobals) = postSolution
		SolutionGuid = {0FE97744-F601-4FF0-AD28-3E0FC29D64F8}
	EndGlobalSection
EndGlobal
