
Microsoft Visual Studio Solution File, Format Version 12.00
# Visual Studio Version 17
VisualStudioVersion = 17.9.34607.119
MinimumVisualStudioVersion = 10.0.40219.1
Project("{9A19103F-16F7-4668-BE54-9A1E7A4F7556}") = "CoreWCFClient", "CoreWCFClient\CoreWCFClient.csproj", "{D71842E6-82B8-416E-A261-1E8751EB8DFD}"
EndProject
Global
	GlobalSection(SolutionConfigurationPlatforms) = preSolution
		Debug|Any CPU = Debug|Any CPU
		Release|Any CPU = Release|Any CPU
	EndGlobalSection
	GlobalSection(ProjectConfigurationPlatforms) = postSolution
		{D71842E6-82B8-416E-A261-1E8751EB8DFD}.Debug|Any CPU.ActiveCfg = Debug|Any CPU
		{D71842E6-82B8-416E-A261-1E8751EB8DFD}.Debug|Any CPU.Build.0 = Debug|Any CPU
		{D71842E6-82B8-416E-A261-1E8751EB8DFD}.Release|Any CPU.ActiveCfg = Release|Any CPU
		{D71842E6-82B8-416E-A261-1E8751EB8DFD}.Release|Any CPU.Build.0 = Release|Any CPU
	EndGlobalSection
	GlobalSection(SolutionProperties) = preSolution
		HideSolutionNode = FALSE
	EndGlobalSection
	GlobalSection(ExtensibilityGlobals) = postSolution
		SolutionGuid = {9B4DD1E7-703A-4A13-9E59-6A2938A4B987}
	EndGlobalSection
EndGlobal
